
Microsoft Visual Studio Solution File, Format Version 12.00
# Visual Studio 15
Project("{FAE04EC0-301F-11D3-BF4B-00C04F79EFBC}") = "FinnReise", "FinnReise\FinnReise.csproj", "{1F3A22D0-C803-463C-95E7-1A88DE072240}"
EndProject
Project("{FAE04EC0-301F-11D3-BF4B-00C04F79EFBC}") = "BLL", "BLL\BLL.csproj", "{5296B970-F455-48DD-8361-DAF9E67F0B51}"
EndProject
Project("{FAE04EC0-301F-11D3-BF4B-00C04F79EFBC}") = "DAL", "DAL\DAL.csproj", "{838A6025-51A8-48DC-9F0C-8D3F6021F5A3}"
EndProject
Project("{FAE04EC0-301F-11D3-BF4B-00C04F79EFBC}") = "Model", "Model\Model.csproj", "{AEF3B8B9-C75A-4E56-AFF0-B46EA63E2573}"
EndProject
Project("{FAE04EC0-301F-11D3-BF4B-00C04F79EFBC}") = "Enhetstest", "Enhetstest\Enhetstest.csproj", "{81FC7DEB-2BBF-4BEE-9EE5-396ED22DA670}"
EndProject
Global
	GlobalSection(SolutionConfigurationPlatforms) = preSolution
		Debug|Any CPU = Debug|Any CPU
		Release|Any CPU = Release|Any CPU
	EndGlobalSection
	GlobalSection(ProjectConfigurationPlatforms) = postSolution
		{1F3A22D0-C803-463C-95E7-1A88DE072240}.Debug|Any CPU.ActiveCfg = Debug|Any CPU
		{1F3A22D0-C803-463C-95E7-1A88DE072240}.Debug|Any CPU.Build.0 = Debug|Any CPU
		{1F3A22D0-C803-463C-95E7-1A88DE072240}.Release|Any CPU.ActiveCfg = Release|Any CPU
		{1F3A22D0-C803-463C-95E7-1A88DE072240}.Release|Any CPU.Build.0 = Release|Any CPU
		{5296B970-F455-48DD-8361-DAF9E67F0B51}.Debug|Any CPU.ActiveCfg = Debug|Any CPU
		{5296B970-F455-48DD-8361-DAF9E67F0B51}.Debug|Any CPU.Build.0 = Debug|Any CPU
		{5296B970-F455-48DD-8361-DAF9E67F0B51}.Release|Any CPU.ActiveCfg = Release|Any CPU
		{5296B970-F455-48DD-8361-DAF9E67F0B51}.Release|Any CPU.Build.0 = Release|Any CPU
		{838A6025-51A8-48DC-9F0C-8D3F6021F5A3}.Debug|Any CPU.ActiveCfg = Debug|Any CPU
		{838A6025-51A8-48DC-9F0C-8D3F6021F5A3}.Debug|Any CPU.Build.0 = Debug|Any CPU
		{838A6025-51A8-48DC-9F0C-8D3F6021F5A3}.Release|Any CPU.ActiveCfg = Release|Any CPU
		{838A6025-51A8-48DC-9F0C-8D3F6021F5A3}.Release|Any CPU.Build.0 = Release|Any CPU
		{AEF3B8B9-C75A-4E56-AFF0-B46EA63E2573}.Debug|Any CPU.ActiveCfg = Debug|Any CPU
		{AEF3B8B9-C75A-4E56-AFF0-B46EA63E2573}.Debug|Any CPU.Build.0 = Debug|Any CPU
		{AEF3B8B9-C75A-4E56-AFF0-B46EA63E2573}.Release|Any CPU.ActiveCfg = Release|Any CPU
		{AEF3B8B9-C75A-4E56-AFF0-B46EA63E2573}.Release|Any CPU.Build.0 = Release|Any CPU
		{81FC7DEB-2BBF-4BEE-9EE5-396ED22DA670}.Debug|Any CPU.ActiveCfg = Debug|Any CPU
		{81FC7DEB-2BBF-4BEE-9EE5-396ED22DA670}.Debug|Any CPU.Build.0 = Debug|Any CPU
		{81FC7DEB-2BBF-4BEE-9EE5-396ED22DA670}.Release|Any CPU.ActiveCfg = Release|Any CPU
		{81FC7DEB-2BBF-4BEE-9EE5-396ED22DA670}.Release|Any CPU.Build.0 = Release|Any CPU
	EndGlobalSection
EndGlobal
